// !$*UTF8*$!
{
	archiveVersion = 1;
	classes = {
	};
	objectVersion = 46;
	objects = {

/* Begin PBXBuildFile section */
		28DB80F41C5BAE4600A48737 /* ImageDownloader.m in Sources */ = {isa = PBXBuildFile; fileRef = 28DB80F31C5BAE4600A48737 /* ImageDownloader.m */; };
		343992721C5FC2430061522E /* ImageDownloadConnection.m in Sources */ = {isa = PBXBuildFile; fileRef = 343992711C5FC2430061522E /* ImageDownloadConnection.m */; };
		F52BBCDA1C57B4FC002D4D8E /* Main.storyboard in Resources */ = {isa = PBXBuildFile; fileRef = F52BBCD91C57B4FC002D4D8E /* Main.storyboard */; };
		F52BBD011C57C112002D4D8E /* TableViewCell.m in Sources */ = {isa = PBXBuildFile; fileRef = F52BBCFF1C57C112002D4D8E /* TableViewCell.m */; };
		F533BFCC1C47D950003D43EE /* main.m in Sources */ = {isa = PBXBuildFile; fileRef = F533BFCB1C47D950003D43EE /* main.m */; };
		F533BFCF1C47D950003D43EE /* AppDelegate.m in Sources */ = {isa = PBXBuildFile; fileRef = F533BFCE1C47D950003D43EE /* AppDelegate.m */; };
		F533BFD21C47D950003D43EE /* ViewController.m in Sources */ = {isa = PBXBuildFile; fileRef = F533BFD11C47D950003D43EE /* ViewController.m */; };
		F533BFD71C47D950003D43EE /* Assets.xcassets in Resources */ = {isa = PBXBuildFile; fileRef = F533BFD61C47D950003D43EE /* Assets.xcassets */; };
		F58701751C71D42300562D3E /* ImageModel+CoreDataProperties.m in Sources */ = {isa = PBXBuildFile; fileRef = F58701721C71D42300562D3E /* ImageModel+CoreDataProperties.m */; };
		F58701761C71D42300562D3E /* ImageModel.m in Sources */ = {isa = PBXBuildFile; fileRef = F58701741C71D42300562D3E /* ImageModel.m */; };
		F5D5185A1C61FAF5006297B7 /* ImageDataSource.m in Sources */ = {isa = PBXBuildFile; fileRef = F5D518591C61FAF5006297B7 /* ImageDataSource.m */; };
		F5E7C9361C6B4529003A92BD /* Model.xcdatamodeld in Sources */ = {isa = PBXBuildFile; fileRef = F5E7C9341C6B4529003A92BD /* Model.xcdatamodeld */; };
		F5E7C94E1C6B51F1003A92BD /* TableDataController.m in Sources */ = {isa = PBXBuildFile; fileRef = F5E7C94D1C6B51F1003A92BD /* TableDataController.m */; };
		F5E7C98B1C6B7420003A92BD /* CellModel+CoreDataProperties.m in Sources */ = {isa = PBXBuildFile; fileRef = F5E7C9881C6B7420003A92BD /* CellModel+CoreDataProperties.m */; };
		F5E7C98C1C6B7420003A92BD /* CellModel.m in Sources */ = {isa = PBXBuildFile; fileRef = F5E7C98A1C6B7420003A92BD /* CellModel.m */; };
/* End PBXBuildFile section */

/* Begin PBXFileReference section */
		28DB80F21C5BAE4600A48737 /* ImageDownloader.h */ = {isa = PBXFileReference; fileEncoding = 4; lastKnownFileType = sourcecode.c.h; path = ImageDownloader.h; sourceTree = "<group>"; };
		28DB80F31C5BAE4600A48737 /* ImageDownloader.m */ = {isa = PBXFileReference; fileEncoding = 4; lastKnownFileType = sourcecode.c.objc; path = ImageDownloader.m; sourceTree = "<group>"; };
		343992701C5FC2430061522E /* ImageDownloadConnection.h */ = {isa = PBXFileReference; fileEncoding = 4; lastKnownFileType = sourcecode.c.h; path = ImageDownloadConnection.h; sourceTree = "<group>"; };
		343992711C5FC2430061522E /* ImageDownloadConnection.m */ = {isa = PBXFileReference; fileEncoding = 4; lastKnownFileType = sourcecode.c.objc; path = ImageDownloadConnection.m; sourceTree = "<group>"; };
		F52BBCD91C57B4FC002D4D8E /* Main.storyboard */ = {isa = PBXFileReference; fileEncoding = 4; lastKnownFileType = file.storyboard; path = Main.storyboard; sourceTree = "<group>"; };
		F52BBCFE1C57C112002D4D8E /* TableViewCell.h */ = {isa = PBXFileReference; fileEncoding = 4; lastKnownFileType = sourcecode.c.h; path = TableViewCell.h; sourceTree = "<group>"; };
		F52BBCFF1C57C112002D4D8E /* TableViewCell.m */ = {isa = PBXFileReference; fileEncoding = 4; lastKnownFileType = sourcecode.c.objc; path = TableViewCell.m; sourceTree = "<group>"; };
		F533BFC71C47D950003D43EE /* table.app */ = {isa = PBXFileReference; explicitFileType = wrapper.application; includeInIndex = 0; path = table.app; sourceTree = BUILT_PRODUCTS_DIR; };
		F533BFCB1C47D950003D43EE /* main.m */ = {isa = PBXFileReference; lastKnownFileType = sourcecode.c.objc; path = main.m; sourceTree = "<group>"; };
		F533BFCD1C47D950003D43EE /* AppDelegate.h */ = {isa = PBXFileReference; lastKnownFileType = sourcecode.c.h; path = AppDelegate.h; sourceTree = "<group>"; };
		F533BFCE1C47D950003D43EE /* AppDelegate.m */ = {isa = PBXFileReference; lastKnownFileType = sourcecode.c.objc; path = AppDelegate.m; sourceTree = "<group>"; };
		F533BFD01C47D950003D43EE /* ViewController.h */ = {isa = PBXFileReference; lastKnownFileType = sourcecode.c.h; path = ViewController.h; sourceTree = "<group>"; };
		F533BFD11C47D950003D43EE /* ViewController.m */ = {isa = PBXFileReference; lastKnownFileType = sourcecode.c.objc; path = ViewController.m; sourceTree = "<group>"; };
		F533BFD61C47D950003D43EE /* Assets.xcassets */ = {isa = PBXFileReference; lastKnownFileType = folder.assetcatalog; path = Assets.xcassets; sourceTree = "<group>"; };
		F533BFDB1C47D950003D43EE /* Info.plist */ = {isa = PBXFileReference; lastKnownFileType = text.plist.xml; path = Info.plist; sourceTree = "<group>"; };
		F58701711C71D42300562D3E /* ImageModel+CoreDataProperties.h */ = {isa = PBXFileReference; fileEncoding = 4; lastKnownFileType = sourcecode.c.h; path = "ImageModel+CoreDataProperties.h"; sourceTree = "<group>"; };
		F58701721C71D42300562D3E /* ImageModel+CoreDataProperties.m */ = {isa = PBXFileReference; fileEncoding = 4; lastKnownFileType = sourcecode.c.objc; path = "ImageModel+CoreDataProperties.m"; sourceTree = "<group>"; };
		F58701731C71D42300562D3E /* ImageModel.h */ = {isa = PBXFileReference; fileEncoding = 4; lastKnownFileType = sourcecode.c.h; path = ImageModel.h; sourceTree = "<group>"; };
		F58701741C71D42300562D3E /* ImageModel.m */ = {isa = PBXFileReference; fileEncoding = 4; lastKnownFileType = sourcecode.c.objc; path = ImageModel.m; sourceTree = "<group>"; };
		F5D518581C61FAF5006297B7 /* ImageDataSource.h */ = {isa = PBXFileReference; fileEncoding = 4; lastKnownFileType = sourcecode.c.h; path = ImageDataSource.h; sourceTree = "<group>"; };
		F5D518591C61FAF5006297B7 /* ImageDataSource.m */ = {isa = PBXFileReference; fileEncoding = 4; lastKnownFileType = sourcecode.c.objc; path = ImageDataSource.m; sourceTree = "<group>"; };
		F5E7C9351C6B4529003A92BD /* Model.xcdatamodel */ = {isa = PBXFileReference; lastKnownFileType = wrapper.xcdatamodel; path = Model.xcdatamodel; sourceTree = "<group>"; };
		F5E7C94C1C6B51F1003A92BD /* TableDataController.h */ = {isa = PBXFileReference; fileEncoding = 4; lastKnownFileType = sourcecode.c.h; path = TableDataController.h; sourceTree = "<group>"; };
		F5E7C94D1C6B51F1003A92BD /* TableDataController.m */ = {isa = PBXFileReference; fileEncoding = 4; lastKnownFileType = sourcecode.c.objc; path = TableDataController.m; sourceTree = "<group>"; };
		F5E7C9871C6B7420003A92BD /* CellModel+CoreDataProperties.h */ = {isa = PBXFileReference; fileEncoding = 4; lastKnownFileType = sourcecode.c.h; path = "CellModel+CoreDataProperties.h"; sourceTree = "<group>"; };
		F5E7C9881C6B7420003A92BD /* CellModel+CoreDataProperties.m */ = {isa = PBXFileReference; fileEncoding = 4; lastKnownFileType = sourcecode.c.objc; path = "CellModel+CoreDataProperties.m"; sourceTree = "<group>"; };
		F5E7C9891C6B7420003A92BD /* CellModel.h */ = {isa = PBXFileReference; fileEncoding = 4; lastKnownFileType = sourcecode.c.h; path = CellModel.h; sourceTree = "<group>"; };
		F5E7C98A1C6B7420003A92BD /* CellModel.m */ = {isa = PBXFileReference; fileEncoding = 4; lastKnownFileType = sourcecode.c.objc; path = CellModel.m; sourceTree = "<group>"; };
/* End PBXFileReference section */

/* Begin PBXFrameworksBuildPhase section */
		F533BFC41C47D950003D43EE /* Frameworks */ = {
			isa = PBXFrameworksBuildPhase;
			buildActionMask = 2147483647;
			files = (
			);
			runOnlyForDeploymentPostprocessing = 0;
		};
/* End PBXFrameworksBuildPhase section */

/* Begin PBXGroup section */
		F533BFBE1C47D950003D43EE = {
			isa = PBXGroup;
			children = (
				F533BFC91C47D950003D43EE /* table */,
				F533BFC81C47D950003D43EE /* Products */,
			);
			sourceTree = "<group>";
		};
		F533BFC81C47D950003D43EE /* Products */ = {
			isa = PBXGroup;
			children = (
				F533BFC71C47D950003D43EE /* table.app */,
			);
			name = Products;
			sourceTree = "<group>";
		};
		F533BFC91C47D950003D43EE /* table */ = {
			isa = PBXGroup;
			children = (
				F55030FD1C6DD50600B1AD5B /* Model */,
				F55031001C6DD68700B1AD5B /* View */,
				F55030FE1C6DD53000B1AD5B /* Controller */,
				F533BFCA1C47D950003D43EE /* Supporting Files */,
			);
			path = table;
			sourceTree = "<group>";
		};
		F533BFCA1C47D950003D43EE /* Supporting Files */ = {
			isa = PBXGroup;
			children = (
				F533BFD61C47D950003D43EE /* Assets.xcassets */,
				F533BFDB1C47D950003D43EE /* Info.plist */,
				F533BFCD1C47D950003D43EE /* AppDelegate.h */,
				F533BFCE1C47D950003D43EE /* AppDelegate.m */,
				F533BFCB1C47D950003D43EE /* main.m */,
			);
			name = "Supporting Files";
			sourceTree = "<group>";
		};
		F55030FD1C6DD50600B1AD5B /* Model */ = {
			isa = PBXGroup;
			children = (
				F58701711C71D42300562D3E /* ImageModel+CoreDataProperties.h */,
				F58701721C71D42300562D3E /* ImageModel+CoreDataProperties.m */,
				F58701731C71D42300562D3E /* ImageModel.h */,
				F58701741C71D42300562D3E /* ImageModel.m */,
				F5E7C9341C6B4529003A92BD /* Model.xcdatamodeld */,
				F5E7C9871C6B7420003A92BD /* CellModel+CoreDataProperties.h */,
				F5E7C9881C6B7420003A92BD /* CellModel+CoreDataProperties.m */,
				F5E7C9891C6B7420003A92BD /* CellModel.h */,
				F5E7C98A1C6B7420003A92BD /* CellModel.m */,
			);
			name = Model;
			sourceTree = "<group>";
		};
		F55030FE1C6DD53000B1AD5B /* Controller */ = {
			isa = PBXGroup;
			children = (
				F533BFD01C47D950003D43EE /* ViewController.h */,
				F533BFD11C47D950003D43EE /* ViewController.m */,
				F5E7C94C1C6B51F1003A92BD /* TableDataController.h */,
				F5E7C94D1C6B51F1003A92BD /* TableDataController.m */,
				F55030FF1C6DD54600B1AD5B /* ImageDataSource */,
			);
			name = Controller;
			sourceTree = "<group>";
		};
		F55030FF1C6DD54600B1AD5B /* ImageDataSource */ = {
			isa = PBXGroup;
			children = (
				F5D518581C61FAF5006297B7 /* ImageDataSource.h */,
				F5D518591C61FAF5006297B7 /* ImageDataSource.m */,
				28DB80F21C5BAE4600A48737 /* ImageDownloader.h */,
				28DB80F31C5BAE4600A48737 /* ImageDownloader.m */,
				343992701C5FC2430061522E /* ImageDownloadConnection.h */,
				343992711C5FC2430061522E /* ImageDownloadConnection.m */,
			);
			name = ImageDataSource;
			sourceTree = "<group>";
		};
		F55031001C6DD68700B1AD5B /* View */ = {
			isa = PBXGroup;
			children = (
				F52BBCFE1C57C112002D4D8E /* TableViewCell.h */,
				F52BBCFF1C57C112002D4D8E /* TableViewCell.m */,
				F52BBCD91C57B4FC002D4D8E /* Main.storyboard */,
			);
			name = View;
			sourceTree = "<group>";
		};
/* End PBXGroup section */

/* Begin PBXNativeTarget section */
		F533BFC61C47D950003D43EE /* table */ = {
			isa = PBXNativeTarget;
			buildConfigurationList = F533BFDE1C47D950003D43EE /* Build configuration list for PBXNativeTarget "table" */;
			buildPhases = (
				F533BFC31C47D950003D43EE /* Sources */,
				F533BFC41C47D950003D43EE /* Frameworks */,
				F533BFC51C47D950003D43EE /* Resources */,
			);
			buildRules = (
			);
			dependencies = (
			);
			name = table;
			productName = table;
			productReference = F533BFC71C47D950003D43EE /* table.app */;
			productType = "com.apple.product-type.application";
		};
/* End PBXNativeTarget section */

/* Begin PBXProject section */
		F533BFBF1C47D950003D43EE /* Project object */ = {
			isa = PBXProject;
			attributes = {
				LastUpgradeCheck = 0720;
				ORGANIZATIONNAME = Vlad;
				TargetAttributes = {
					F533BFC61C47D950003D43EE = {
						CreatedOnToolsVersion = 7.2;
					};
				};
			};
			buildConfigurationList = F533BFC21C47D950003D43EE /* Build configuration list for PBXProject "table" */;
			compatibilityVersion = "Xcode 3.2";
			developmentRegion = English;
			hasScannedForEncodings = 0;
			knownRegions = (
				en,
				Base,
			);
			mainGroup = F533BFBE1C47D950003D43EE;
			productRefGroup = F533BFC81C47D950003D43EE /* Products */;
			projectDirPath = "";
			projectRoot = "";
			targets = (
				F533BFC61C47D950003D43EE /* table */,
			);
		};
/* End PBXProject section */

/* Begin PBXResourcesBuildPhase section */
		F533BFC51C47D950003D43EE /* Resources */ = {
			isa = PBXResourcesBuildPhase;
			buildActionMask = 2147483647;
			files = (
				F52BBCDA1C57B4FC002D4D8E /* Main.storyboard in Resources */,
				F533BFD71C47D950003D43EE /* Assets.xcassets in Resources */,
			);
			runOnlyForDeploymentPostprocessing = 0;
		};
/* End PBXResourcesBuildPhase section */

/* Begin PBXSourcesBuildPhase section */
		F533BFC31C47D950003D43EE /* Sources */ = {
			isa = PBXSourcesBuildPhase;
			buildActionMask = 2147483647;
			files = (
				343992721C5FC2430061522E /* ImageDownloadConnection.m in Sources */,
				F5E7C98C1C6B7420003A92BD /* CellModel.m in Sources */,
				28DB80F41C5BAE4600A48737 /* ImageDownloader.m in Sources */,
				F533BFD21C47D950003D43EE /* ViewController.m in Sources */,
				F5E7C9361C6B4529003A92BD /* Model.xcdatamodeld in Sources */,
				F533BFCF1C47D950003D43EE /* AppDelegate.m in Sources */,
				F5E7C94E1C6B51F1003A92BD /* TableDataController.m in Sources */,
				F58701761C71D42300562D3E /* ImageModel.m in Sources */,
				F52BBD011C57C112002D4D8E /* TableViewCell.m in Sources */,
				F5E7C98B1C6B7420003A92BD /* CellModel+CoreDataProperties.m in Sources */,
				F58701751C71D42300562D3E /* ImageModel+CoreDataProperties.m in Sources */,
				F5D5185A1C61FAF5006297B7 /* ImageDataSource.m in Sources */,
				F533BFCC1C47D950003D43EE /* main.m in Sources */,
			);
			runOnlyForDeploymentPostprocessing = 0;
		};
/* End PBXSourcesBuildPhase section */

/* Begin XCBuildConfiguration section */
		F533BFDC1C47D950003D43EE /* Debug */ = {
			isa = XCBuildConfiguration;
			buildSettings = {
				ALWAYS_SEARCH_USER_PATHS = NO;
				CLANG_CXX_LANGUAGE_STANDARD = "gnu++0x";
				CLANG_CXX_LIBRARY = "libc++";
				CLANG_ENABLE_MODULES = YES;
				CLANG_ENABLE_OBJC_ARC = YES;
				CLANG_WARN_BOOL_CONVERSION = YES;
				CLANG_WARN_CONSTANT_CONVERSION = YES;
				CLANG_WARN_DIRECT_OBJC_ISA_USAGE = YES_ERROR;
				CLANG_WARN_EMPTY_BODY = YES;
				CLANG_WARN_ENUM_CONVERSION = YES;
				CLANG_WARN_INT_CONVERSION = YES;
				CLANG_WARN_OBJC_ROOT_CLASS = YES_ERROR;
				CLANG_WARN_UNREACHABLE_CODE = YES;
				CLANG_WARN__DUPLICATE_METHOD_MATCH = YES;
				"CODE_SIGN_IDENTITY[sdk=iphoneos*]" = "iPhone Developer";
				COPY_PHASE_STRIP = NO;
				DEBUG_INFORMATION_FORMAT = dwarf;
				ENABLE_STRICT_OBJC_MSGSEND = YES;
				ENABLE_TESTABILITY = YES;
				GCC_C_LANGUAGE_STANDARD = gnu99;
				GCC_DYNAMIC_NO_PIC = NO;
				GCC_NO_COMMON_BLOCKS = YES;
				GCC_OPTIMIZATION_LEVEL = 0;
				GCC_PREPROCESSOR_DEFINITIONS = (
					"DEBUG=1",
					"$(inherited)",
				);
				GCC_WARN_64_TO_32_BIT_CONVERSION = YES;
				GCC_WARN_ABOUT_RETURN_TYPE = YES_ERROR;
				GCC_WARN_UNDECLARED_SELECTOR = YES;
				GCC_WARN_UNINITIALIZED_AUTOS = YES_AGGRESSIVE;
				GCC_WARN_UNUSED_FUNCTION = YES;
				GCC_WARN_UNUSED_VARIABLE = YES;
				IPHONEOS_DEPLOYMENT_TARGET = 9.2;
				MTL_ENABLE_DEBUG_INFO = YES;
				ONLY_ACTIVE_ARCH = YES;
				SDKROOT = iphoneos;
			};
			name = Debug;
		};
		F533BFDD1C47D950003D43EE /* Release */ = {
			isa = XCBuildConfiguration;
			buildSettings = {
				ALWAYS_SEARCH_USER_PATHS = NO;
				CLANG_CXX_LANGUAGE_STANDARD = "gnu++0x";
				CLANG_CXX_LIBRARY = "libc++";
				CLANG_ENABLE_MODULES = YES;
				CLANG_ENABLE_OBJC_ARC = YES;
				CLANG_WARN_BOOL_CONVERSION = YES;
				CLANG_WARN_CONSTANT_CONVERSION = YES;
				CLANG_WARN_DIRECT_OBJC_ISA_USAGE = YES_ERROR;
				CLANG_WARN_EMPTY_BODY = YES;
				CLANG_WARN_ENUM_CONVERSION = YES;
				CLANG_WARN_INT_CONVERSION = YES;
				CLANG_WARN_OBJC_ROOT_CLASS = YES_ERROR;
				CLANG_WARN_UNREACHABLE_CODE = YES;
				CLANG_WARN__DUPLICATE_METHOD_MATCH = YES;
				"CODE_SIGN_IDENTITY[sdk=iphoneos*]" = "iPhone Developer";
				COPY_PHASE_STRIP = NO;
				DEBUG_INFORMATION_FORMAT = "dwarf-with-dsym";
				ENABLE_NS_ASSERTIONS = NO;
				ENABLE_STRICT_OBJC_MSGSEND = YES;
				GCC_C_LANGUAGE_STANDARD = gnu99;
				GCC_NO_COMMON_BLOCKS = YES;
				GCC_WARN_64_TO_32_BIT_CONVERSION = YES;
				GCC_WARN_ABOUT_RETURN_TYPE = YES_ERROR;
				GCC_WARN_UNDECLARED_SELECTOR = YES;
				GCC_WARN_UNINITIALIZED_AUTOS = YES_AGGRESSIVE;
				GCC_WARN_UNUSED_FUNCTION = YES;
				GCC_WARN_UNUSED_VARIABLE = YES;
				IPHONEOS_DEPLOYMENT_TARGET = 9.2;
				MTL_ENABLE_DEBUG_INFO = NO;
				SDKROOT = iphoneos;
				VALIDATE_PRODUCT = YES;
			};
			name = Release;
		};
		F533BFDF1C47D950003D43EE /* Debug */ = {
			isa = XCBuildConfiguration;
			buildSettings = {
				ASSETCATALOG_COMPILER_APPICON_NAME = AppIcon;
				CLANG_ENABLE_OBJC_ARC = YES;
				INFOPLIST_FILE = table/Info.plist;
				LD_RUNPATH_SEARCH_PATHS = "$(inherited) @executable_path/Frameworks";
				PRODUCT_BUNDLE_IDENTIFIER = "-.table";
				PRODUCT_NAME = "$(TARGET_NAME)";
				PROVISIONING_PROFILE = "74b82475-c5ec-4072-9070-5cd9bc6a71b1";
			};
			name = Debug;
		};
		F533BFE01C47D950003D43EE /* Release */ = {
			isa = XCBuildConfiguration;
			buildSettings = {
				ASSETCATALOG_COMPILER_APPICON_NAME = AppIcon;
				CLANG_ENABLE_OBJC_ARC = YES;
				INFOPLIST_FILE = table/Info.plist;
				LD_RUNPATH_SEARCH_PATHS = "$(inherited) @executable_path/Frameworks";
				PRODUCT_BUNDLE_IDENTIFIER = "-.table";
				PRODUCT_NAME = "$(TARGET_NAME)";
				PROVISIONING_PROFILE = "74b82475-c5ec-4072-9070-5cd9bc6a71b1";
			};
			name = Release;
		};
/* End XCBuildConfiguration section */

/* Begin XCConfigurationList section */
		F533BFC21C47D950003D43EE /* Build configuration list for PBXProject "table" */ = {
			isa = XCConfigurationList;
			buildConfigurations = (
				F533BFDC1C47D950003D43EE /* Debug */,
				F533BFDD1C47D950003D43EE /* Release */,
			);
			defaultConfigurationIsVisible = 0;
			defaultConfigurationName = Release;
		};
		F533BFDE1C47D950003D43EE /* Build configuration list for PBXNativeTarget "table" */ = {
			isa = XCConfigurationList;
			buildConfigurations = (
				F533BFDF1C47D950003D43EE /* Debug */,
				F533BFE01C47D950003D43EE /* Release */,
			);
			defaultConfigurationIsVisible = 0;
			defaultConfigurationName = Release;
		};
/* End XCConfigurationList section */

/* Begin XCVersionGroup section */
		F5E7C9341C6B4529003A92BD /* Model.xcdatamodeld */ = {
			isa = XCVersionGroup;
			children = (
				F5E7C9351C6B4529003A92BD /* Model.xcdatamodel */,
			);
			currentVersion = F5E7C9351C6B4529003A92BD /* Model.xcdatamodel */;
			path = Model.xcdatamodeld;
			sourceTree = "<group>";
			versionGroupType = wrapper.xcdatamodel;
		};
/* End XCVersionGroup section */
	};
	rootObject = F533BFBF1C47D950003D43EE /* Project object */;
}
